
Microsoft Visual Studio Solution File, Format Version 12.00
# Visual Studio 15
VisualStudioVersion = 15.0.26124.0
MinimumVisualStudioVersion = 15.0.26124.0
Project("{9A19103F-16F7-4668-BE54-9A1E7A4F7556}") = "ImageParse", "ImageParse.csproj", "{015EE29B-31D0-4C86-84EB-3671AB1DE6EA}"
EndProject
Project("{9A19103F-16F7-4668-BE54-9A1E7A4F7556}") = "Tests", "Tests\Tests.csproj", "{690BE9A8-2B71-48D0-A270-9D17A3455B36}"
EndProject
Global
	GlobalSection(SolutionConfigurationPlatforms) = preSolution
		Debug|Any CPU = Debug|Any CPU
		Debug|x64 = Debug|x64
		Debug|x86 = Debug|x86
		Release|Any CPU = Release|Any CPU
		Release|x64 = Release|x64
		Release|x86 = Release|x86
	EndGlobalSection
	GlobalSection(ProjectConfigurationPlatforms) = postSolution
		{015EE29B-31D0-4C86-84EB-3671AB1DE6EA}.Debug|Any CPU.ActiveCfg = Debug|Any CPU
		{015EE29B-31D0-4C86-84EB-3671AB1DE6EA}.Debug|Any CPU.Build.0 = Debug|Any CPU
		{015EE29B-31D0-4C86-84EB-3671AB1DE6EA}.Debug|x64.ActiveCfg = Debug|Any CPU
		{015EE29B-31D0-4C86-84EB-3671AB1DE6EA}.Debug|x64.Build.0 = Debug|Any CPU
		{015EE29B-31D0-4C86-84EB-3671AB1DE6EA}.Debug|x86.ActiveCfg = Debug|Any CPU
		{015EE29B-31D0-4C86-84EB-3671AB1DE6EA}.Debug|x86.Build.0 = Debug|Any CPU
		{015EE29B-31D0-4C86-84EB-3671AB1DE6EA}.Release|Any CPU.ActiveCfg = Release|Any CPU
		{015EE29B-31D0-4C86-84EB-3671AB1DE6EA}.Release|Any CPU.Build.0 = Release|Any CPU
		{015EE29B-31D0-4C86-84EB-3671AB1DE6EA}.Release|x64.ActiveCfg = Release|Any CPU
		{015EE29B-31D0-4C86-84EB-3671AB1DE6EA}.Release|x64.Build.0 = Release|Any CPU
		{015EE29B-31D0-4C86-84EB-3671AB1DE6EA}.Release|x86.ActiveCfg = Release|Any CPU
		{015EE29B-31D0-4C86-84EB-3671AB1DE6EA}.Release|x86.Build.0 = Release|Any CPU
		{690BE9A8-2B71-48D0-A270-9D17A3455B36}.Debug|Any CPU.ActiveCfg = Debug|Any CPU
		{690BE9A8-2B71-48D0-A270-9D17A3455B36}.Debug|Any CPU.Build.0 = Debug|Any CPU
		{690BE9A8-2B71-48D0-A270-9D17A3455B36}.Debug|x64.ActiveCfg = Debug|Any CPU
		{690BE9A8-2B71-48D0-A270-9D17A3455B36}.Debug|x64.Build.0 = Debug|Any CPU
		{690BE9A8-2B71-48D0-A270-9D17A3455B36}.Debug|x86.ActiveCfg = Debug|Any CPU
		{690BE9A8-2B71-48D0-A270-9D17A3455B36}.Debug|x86.Build.0 = Debug|Any CPU
		{690BE9A8-2B71-48D0-A270-9D17A3455B36}.Release|Any CPU.ActiveCfg = Release|Any CPU
		{690BE9A8-2B71-48D0-A270-9D17A3455B36}.Release|Any CPU.Build.0 = Release|Any CPU
		{690BE9A8-2B71-48D0-A270-9D17A3455B36}.Release|x64.ActiveCfg = Release|Any CPU
		{690BE9A8-2B71-48D0-A270-9D17A3455B36}.Release|x64.Build.0 = Release|Any CPU
		{690BE9A8-2B71-48D0-A270-9D17A3455B36}.Release|x86.ActiveCfg = Release|Any CPU
		{690BE9A8-2B71-48D0-A270-9D17A3455B36}.Release|x86.Build.0 = Release|Any CPU
	EndGlobalSection
	GlobalSection(SolutionProperties) = preSolution
		HideSolutionNode = FALSE
	EndGlobalSection
	GlobalSection(ExtensibilityGlobals) = postSolution
		SolutionGuid = {5D914CDC-D47A-43DD-8C57-D27FB52246C6}
	EndGlobalSection
EndGlobal
